
Microsoft Visual Studio Solution File, Format Version 12.00
# Visual Studio 15
VisualStudioVersion = 15.0.28010.2036
MinimumVisualStudioVersion = 10.0.40219.1
Project("{FAE04EC0-301F-11D3-BF4B-00C04F79EFBC}") = "Lab3GC", "ConsoleApp4\Lab3GC.csproj", "{A2A183AC-5A8B-4659-9381-6BA7ADE62157}"
EndProject
Global
	GlobalSection(SolutionConfigurationPlatforms) = preSolution
		Debug|Any CPU = Debug|Any CPU
		Release|Any CPU = Release|Any CPU
	EndGlobalSection
	GlobalSection(ProjectConfigurationPlatforms) = postSolution
		{A2A183AC-5A8B-4659-9381-6BA7ADE62157}.Debug|Any CPU.ActiveCfg = Debug|Any CPU
		{A2A183AC-5A8B-4659-9381-6BA7ADE62157}.Debug|Any CPU.Build.0 = Debug|Any CPU
		{A2A183AC-5A8B-4659-9381-6BA7ADE62157}.Release|Any CPU.ActiveCfg = Release|Any CPU
		{A2A183AC-5A8B-4659-9381-6BA7ADE62157}.Release|Any CPU.Build.0 = Release|Any CPU
	EndGlobalSection
	GlobalSection(SolutionProperties) = preSolution
		HideSolutionNode = FALSE
	EndGlobalSection
	GlobalSection(ExtensibilityGlobals) = postSolution
		SolutionGuid = {75AD6FF0-BB56-4807-8DCD-5FA316672A19}
	EndGlobalSection
EndGlobal
